{
  "name": "timer-test",
  "version": "1.0.0",
  "lockfileVersion": 1,
  "requires": true,
  "dependencies": {
    "microtime": {
      "version": "3.0.0",
      "resolved": "https://registry.npmjs.org/microtime/-/microtime-3.0.0.tgz",
      "integrity": "sha512-SirJr7ZL4ow2iWcb54bekS4aWyBQNVcEDBiwAz9D/sTgY59A+uE8UJU15cp5wyZmPBwg/3zf8lyCJ5NUe1nVlQ==",
      "requires": {
        "node-addon-api": "^1.2.0",
        "node-gyp-build": "^3.8.0"
      }
    },
    "node-addon-api": {
      "version": "1.7.2",
      "resolved": "https://registry.npmjs.org/node-addon-api/-/node-addon-api-1.7.2.tgz",
      "integrity": "sha512-ibPK3iA+vaY1eEjESkQkM0BbCqFOaZMiXRTtdB0u7b4djtY6JnsjvPdUHVMg6xQt3B8fpTTWHI9A+ADjM9frzg=="
    },
    "node-gyp-build": {
      "version": "3.9.0",
      "resolved": "https://registry.npmjs.org/node-gyp-build/-/node-gyp-build-3.9.0.tgz",
      "integrity": "sha512-zLcTg6P4AbcHPq465ZMFNXx7XpKKJh+7kkN699NiQWisR2uWYOWNWqRHAmbnmKiL4e9aLSlmy5U7rEMUXV59+A=="
    }
  }
}
